
Microsoft Visual Studio Solution File, Format Version 12.00
# Visual Studio 15
VisualStudioVersion = 15.0.28010.2026
MinimumVisualStudioVersion = 10.0.40219.1
Project("{FAE04EC0-301F-11D3-BF4B-00C04F79EFBC}") = "Web_Auto_Input_and_Test_Tool", "Web_Auto_Input_and_Test_Tool\Web_Auto_Input_and_Test_Tool.csproj", "{6FC5AD4F-67A1-4803-8638-50F1182170DA}"
EndProject
Global
	GlobalSection(SolutionConfigurationPlatforms) = preSolution
		Debug|Any CPU = Debug|Any CPU
		Release|Any CPU = Release|Any CPU
	EndGlobalSection
	GlobalSection(ProjectConfigurationPlatforms) = postSolution
		{6FC5AD4F-67A1-4803-8638-50F1182170DA}.Debug|Any CPU.ActiveCfg = Debug|Any CPU
		{6FC5AD4F-67A1-4803-8638-50F1182170DA}.Debug|Any CPU.Build.0 = Debug|Any CPU
		{6FC5AD4F-67A1-4803-8638-50F1182170DA}.Release|Any CPU.ActiveCfg = Release|Any CPU
		{6FC5AD4F-67A1-4803-8638-50F1182170DA}.Release|Any CPU.Build.0 = Release|Any CPU
	EndGlobalSection
	GlobalSection(SolutionProperties) = preSolution
		HideSolutionNode = FALSE
	EndGlobalSection
	GlobalSection(ExtensibilityGlobals) = postSolution
		SolutionGuid = {7DF0ABD6-D870-495E-8BCA-520E3AA9C243}
	EndGlobalSection
EndGlobal
